
Microsoft Visual Studio Solution File, Format Version 12.00
# Visual Studio Version 17
VisualStudioVersion = 17.13.35825.156 d17.13
MinimumVisualStudioVersion = 10.0.40219.1
Project("{FAE04EC0-301F-11D3-BF4B-00C04F79EFBC}") = "PixFrameWorkspace", "PixFrameWorkspace.csproj", "{A91C5BE0-CE6C-4588-BC28-F25CE5477828}"
EndProject
Global
	GlobalSection(SolutionConfigurationPlatforms) = preSolution
		Debug|Any CPU = Debug|Any CPU
		Release|Any CPU = Release|Any CPU
	EndGlobalSection
	GlobalSection(ProjectConfigurationPlatforms) = postSolution
		{A91C5BE0-CE6C-4588-BC28-F25CE5477828}.Debug|Any CPU.ActiveCfg = Debug|Any CPU
		{A91C5BE0-CE6C-4588-BC28-F25CE5477828}.Debug|Any CPU.Build.0 = Debug|Any CPU
		{A91C5BE0-CE6C-4588-BC28-F25CE5477828}.Release|Any CPU.ActiveCfg = Release|Any CPU
		{A91C5BE0-CE6C-4588-BC28-F25CE5477828}.Release|Any CPU.Build.0 = Release|Any CPU
	EndGlobalSection
	GlobalSection(SolutionProperties) = preSolution
		HideSolutionNode = FALSE
	EndGlobalSection
	GlobalSection(ExtensibilityGlobals) = postSolution
		SolutionGuid = {3914886B-3DDA-4883-902F-E461D6C270AF}
	EndGlobalSection
EndGlobal
